
Microsoft Visual Studio Solution File, Format Version 12.00
# Visual Studio 15
VisualStudioVersion = 15.0.28307.645
MinimumVisualStudioVersion = 10.0.40219.1
Project("{FAE04EC0-301F-11D3-BF4B-00C04F79EFBC}") = "CSharpConsola", "CSharpConsola\CSharpConsola.csproj", "{EFC35AF8-FE90-45D3-B8F0-926F036E08E5}"
EndProject
Global
	GlobalSection(SolutionConfigurationPlatforms) = preSolution
		Debug|Any CPU = Debug|Any CPU
		Release|Any CPU = Release|Any CPU
	EndGlobalSection
	GlobalSection(ProjectConfigurationPlatforms) = postSolution
		{EFC35AF8-FE90-45D3-B8F0-926F036E08E5}.Debug|Any CPU.ActiveCfg = Debug|Any CPU
		{EFC35AF8-FE90-45D3-B8F0-926F036E08E5}.Debug|Any CPU.Build.0 = Debug|Any CPU
		{EFC35AF8-FE90-45D3-B8F0-926F036E08E5}.Release|Any CPU.ActiveCfg = Release|Any CPU
		{EFC35AF8-FE90-45D3-B8F0-926F036E08E5}.Release|Any CPU.Build.0 = Release|Any CPU
	EndGlobalSection
	GlobalSection(SolutionProperties) = preSolution
		HideSolutionNode = FALSE
	EndGlobalSection
	GlobalSection(ExtensibilityGlobals) = postSolution
		SolutionGuid = {3E063C5F-DD46-42C0-90A8-73D947F0613D}
	EndGlobalSection
EndGlobal
